// !$*UTF8*$!
{
	archiveVersion = 1;
	classes = {
	};
	objectVersion = 55;
	objects = {

/* Begin PBXBuildFile section */
		AD26C294276BA37F00A0344E /* DnDSessionsApp.swift in Sources */ = {isa = PBXBuildFile; fileRef = AD26C293276BA37F00A0344E /* DnDSessionsApp.swift */; };
		AD26C296276BA37F00A0344E /* ContentView.swift in Sources */ = {isa = PBXBuildFile; fileRef = AD26C295276BA37F00A0344E /* ContentView.swift */; };
		AD26C298276BA38000A0344E /* Assets.xcassets in Resources */ = {isa = PBXBuildFile; fileRef = AD26C297276BA38000A0344E /* Assets.xcassets */; };
		AD26C29B276BA38000A0344E /* Preview Assets.xcassets in Resources */ = {isa = PBXBuildFile; fileRef = AD26C29A276BA38000A0344E /* Preview Assets.xcassets */; };
		AD26C2A5276BA3A400A0344E /* Campaign.swift in Sources */ = {isa = PBXBuildFile; fileRef = AD26C2A4276BA3A400A0344E /* Campaign.swift */; };
		AD26C2A7276BA46600A0344E /* CampaignModel.swift in Sources */ = {isa = PBXBuildFile; fileRef = AD26C2A6276BA46600A0344E /* CampaignModel.swift */; };
		AD26C2A9276BAC0400A0344E /* CampaignView.swift in Sources */ = {isa = PBXBuildFile; fileRef = AD26C2A8276BAC0400A0344E /* CampaignView.swift */; };
		AD26C2AB276BAF7200A0344E /* PlayerModel.swift in Sources */ = {isa = PBXBuildFile; fileRef = AD26C2AA276BAF7200A0344E /* PlayerModel.swift */; };
		AD26C2AE276BAFEA00A0344E /* AVKit.framework in Frameworks */ = {isa = PBXBuildFile; fileRef = AD26C2AD276BAFEA00A0344E /* AVKit.framework */; };
		AD26C2B0276BB0D700A0344E /* SessionView.swift in Sources */ = {isa = PBXBuildFile; fileRef = AD26C2AF276BB0D700A0344E /* SessionView.swift */; };
		ADE6F2DC276D14E000E6F5CA /* Time.swift in Sources */ = {isa = PBXBuildFile; fileRef = ADE6F2DB276D14E000E6F5CA /* Time.swift */; };
		ADE6F2F8276D51C800E6F5CA /* Tab.swift in Sources */ = {isa = PBXBuildFile; fileRef = ADE6F2F7276D51C800E6F5CA /* Tab.swift */; };
		ADE6F2FA276D6DDA00E6F5CA /* Background.swift in Sources */ = {isa = PBXBuildFile; fileRef = ADE6F2F9276D6DDA00E6F5CA /* Background.swift */; };
		ADE6F2FC276D742000E6F5CA /* Dates.swift in Sources */ = {isa = PBXBuildFile; fileRef = ADE6F2FB276D742000E6F5CA /* Dates.swift */; };
/* End PBXBuildFile section */

/* Begin PBXFileReference section */
		AD26C290276BA37F00A0344E /* DnDSessions.app */ = {isa = PBXFileReference; explicitFileType = wrapper.application; includeInIndex = 0; path = DnDSessions.app; sourceTree = BUILT_PRODUCTS_DIR; };
		AD26C293276BA37F00A0344E /* DnDSessionsApp.swift */ = {isa = PBXFileReference; lastKnownFileType = sourcecode.swift; path = DnDSessionsApp.swift; sourceTree = "<group>"; };
		AD26C295276BA37F00A0344E /* ContentView.swift */ = {isa = PBXFileReference; lastKnownFileType = sourcecode.swift; path = ContentView.swift; sourceTree = "<group>"; };
		AD26C297276BA38000A0344E /* Assets.xcassets */ = {isa = PBXFileReference; lastKnownFileType = folder.assetcatalog; path = Assets.xcassets; sourceTree = "<group>"; };
		AD26C29A276BA38000A0344E /* Preview Assets.xcassets */ = {isa = PBXFileReference; lastKnownFileType = folder.assetcatalog; path = "Preview Assets.xcassets"; sourceTree = "<group>"; };
		AD26C2A4276BA3A400A0344E /* Campaign.swift */ = {isa = PBXFileReference; lastKnownFileType = sourcecode.swift; path = Campaign.swift; sourceTree = "<group>"; };
		AD26C2A6276BA46600A0344E /* CampaignModel.swift */ = {isa = PBXFileReference; lastKnownFileType = sourcecode.swift; path = CampaignModel.swift; sourceTree = "<group>"; };
		AD26C2A8276BAC0400A0344E /* CampaignView.swift */ = {isa = PBXFileReference; lastKnownFileType = sourcecode.swift; path = CampaignView.swift; sourceTree = "<group>"; };
		AD26C2AA276BAF7200A0344E /* PlayerModel.swift */ = {isa = PBXFileReference; lastKnownFileType = sourcecode.swift; path = PlayerModel.swift; sourceTree = "<group>"; };
		AD26C2AD276BAFEA00A0344E /* AVKit.framework */ = {isa = PBXFileReference; lastKnownFileType = wrapper.framework; name = AVKit.framework; path = System/Library/Frameworks/AVKit.framework; sourceTree = SDKROOT; };
		AD26C2AF276BB0D700A0344E /* SessionView.swift */ = {isa = PBXFileReference; lastKnownFileType = sourcecode.swift; path = SessionView.swift; sourceTree = "<group>"; };
		ADE6F2D9276BCBE800E6F5CA /* Info.plist */ = {isa = PBXFileReference; lastKnownFileType = text.plist; path = Info.plist; sourceTree = "<group>"; };
		ADE6F2DB276D14E000E6F5CA /* Time.swift */ = {isa = PBXFileReference; lastKnownFileType = sourcecode.swift; path = Time.swift; sourceTree = "<group>"; };
		ADE6F2F7276D51C800E6F5CA /* Tab.swift */ = {isa = PBXFileReference; lastKnownFileType = sourcecode.swift; path = Tab.swift; sourceTree = "<group>"; };
		ADE6F2F9276D6DDA00E6F5CA /* Background.swift */ = {isa = PBXFileReference; lastKnownFileType = sourcecode.swift; path = Background.swift; sourceTree = "<group>"; };
		ADE6F2FB276D742000E6F5CA /* Dates.swift */ = {isa = PBXFileReference; lastKnownFileType = sourcecode.swift; path = Dates.swift; sourceTree = "<group>"; };
/* End PBXFileReference section */

/* Begin PBXFrameworksBuildPhase section */
		AD26C28D276BA37F00A0344E /* Frameworks */ = {
			isa = PBXFrameworksBuildPhase;
			buildActionMask = 2147483647;
			files = (
				AD26C2AE276BAFEA00A0344E /* AVKit.framework in Frameworks */,
			);
			runOnlyForDeploymentPostprocessing = 0;
		};
/* End PBXFrameworksBuildPhase section */

/* Begin PBXGroup section */
		AD26C287276BA37F00A0344E = {
			isa = PBXGroup;
			children = (
				AD26C292276BA37F00A0344E /* DnDSessions */,
				AD26C291276BA37F00A0344E /* Products */,
				AD26C2AC276BAFEA00A0344E /* Frameworks */,
			);
			sourceTree = "<group>";
		};
		AD26C291276BA37F00A0344E /* Products */ = {
			isa = PBXGroup;
			children = (
				AD26C290276BA37F00A0344E /* DnDSessions.app */,
			);
			name = Products;
			sourceTree = "<group>";
		};
		AD26C292276BA37F00A0344E /* DnDSessions */ = {
			isa = PBXGroup;
			children = (
				ADE6F2DA276D14C000E6F5CA /* Utilities */,
				ADE6F2D9276BCBE800E6F5CA /* Info.plist */,
				AD26C293276BA37F00A0344E /* DnDSessionsApp.swift */,
				AD26C2A3276BA38B00A0344E /* Views */,
				AD26C2A2276BA38900A0344E /* ViewModels */,
				AD26C2A1276BA38600A0344E /* Models */,
				AD26C297276BA38000A0344E /* Assets.xcassets */,
				AD26C299276BA38000A0344E /* Preview Content */,
			);
			path = DnDSessions;
			sourceTree = "<group>";
		};
		AD26C299276BA38000A0344E /* Preview Content */ = {
			isa = PBXGroup;
			children = (
				AD26C29A276BA38000A0344E /* Preview Assets.xcassets */,
			);
			path = "Preview Content";
			sourceTree = "<group>";
		};
		AD26C2A1276BA38600A0344E /* Models */ = {
			isa = PBXGroup;
			children = (
				AD26C2A4276BA3A400A0344E /* Campaign.swift */,
			);
			path = Models;
			sourceTree = "<group>";
		};
		AD26C2A2276BA38900A0344E /* ViewModels */ = {
			isa = PBXGroup;
			children = (
				AD26C2AA276BAF7200A0344E /* PlayerModel.swift */,
				AD26C2A6276BA46600A0344E /* CampaignModel.swift */,
			);
			path = ViewModels;
			sourceTree = "<group>";
		};
		AD26C2A3276BA38B00A0344E /* Views */ = {
			isa = PBXGroup;
			children = (
				ADE6F2F7276D51C800E6F5CA /* Tab.swift */,
				AD26C295276BA37F00A0344E /* ContentView.swift */,
				AD26C2A8276BAC0400A0344E /* CampaignView.swift */,
				AD26C2AF276BB0D700A0344E /* SessionView.swift */,
				ADE6F2F9276D6DDA00E6F5CA /* Background.swift */,
			);
			path = Views;
			sourceTree = "<group>";
		};
		AD26C2AC276BAFEA00A0344E /* Frameworks */ = {
			isa = PBXGroup;
			children = (
				AD26C2AD276BAFEA00A0344E /* AVKit.framework */,
			);
			name = Frameworks;
			sourceTree = "<group>";
		};
		ADE6F2DA276D14C000E6F5CA /* Utilities */ = {
			isa = PBXGroup;
			children = (
				ADE6F2DB276D14E000E6F5CA /* Time.swift */,
				ADE6F2FB276D742000E6F5CA /* Dates.swift */,
			);
			path = Utilities;
			sourceTree = "<group>";
		};
/* End PBXGroup section */

/* Begin PBXNativeTarget section */
		AD26C28F276BA37F00A0344E /* DnDSessions */ = {
			isa = PBXNativeTarget;
			buildConfigurationList = AD26C29E276BA38000A0344E /* Build configuration list for PBXNativeTarget "DnDSessions" */;
			buildPhases = (
				AD26C28C276BA37F00A0344E /* Sources */,
				AD26C28D276BA37F00A0344E /* Frameworks */,
				AD26C28E276BA37F00A0344E /* Resources */,
			);
			buildRules = (
			);
			dependencies = (
			);
			name = DnDSessions;
			productName = DnDSessions;
			productReference = AD26C290276BA37F00A0344E /* DnDSessions.app */;
			productType = "com.apple.product-type.application";
		};
/* End PBXNativeTarget section */

/* Begin PBXProject section */
		AD26C288276BA37F00A0344E /* Project object */ = {
			isa = PBXProject;
			attributes = {
				BuildIndependentTargetsInParallel = 1;
				LastSwiftUpdateCheck = 1320;
				LastUpgradeCheck = 1320;
				TargetAttributes = {
					AD26C28F276BA37F00A0344E = {
						CreatedOnToolsVersion = 13.2;
					};
				};
			};
			buildConfigurationList = AD26C28B276BA37F00A0344E /* Build configuration list for PBXProject "DnDSessions" */;
			compatibilityVersion = "Xcode 13.0";
			developmentRegion = en;
			hasScannedForEncodings = 0;
			knownRegions = (
				en,
				Base,
			);
			mainGroup = AD26C287276BA37F00A0344E;
			productRefGroup = AD26C291276BA37F00A0344E /* Products */;
			projectDirPath = "";
			projectRoot = "";
			targets = (
				AD26C28F276BA37F00A0344E /* DnDSessions */,
			);
		};
/* End PBXProject section */

/* Begin PBXResourcesBuildPhase section */
		AD26C28E276BA37F00A0344E /* Resources */ = {
			isa = PBXResourcesBuildPhase;
			buildActionMask = 2147483647;
			files = (
				AD26C29B276BA38000A0344E /* Preview Assets.xcassets in Resources */,
				AD26C298276BA38000A0344E /* Assets.xcassets in Resources */,
			);
			runOnlyForDeploymentPostprocessing = 0;
		};
/* End PBXResourcesBuildPhase section */

/* Begin PBXSourcesBuildPhase section */
		AD26C28C276BA37F00A0344E /* Sources */ = {
			isa = PBXSourcesBuildPhase;
			buildActionMask = 2147483647;
			files = (
				AD26C2B0276BB0D700A0344E /* SessionView.swift in Sources */,
				AD26C2AB276BAF7200A0344E /* PlayerModel.swift in Sources */,
				AD26C296276BA37F00A0344E /* ContentView.swift in Sources */,
				AD26C2A5276BA3A400A0344E /* Campaign.swift in Sources */,
				ADE6F2DC276D14E000E6F5CA /* Time.swift in Sources */,
				AD26C294276BA37F00A0344E /* DnDSessionsApp.swift in Sources */,
				ADE6F2F8276D51C800E6F5CA /* Tab.swift in Sources */,
				AD26C2A7276BA46600A0344E /* CampaignModel.swift in Sources */,
				ADE6F2FC276D742000E6F5CA /* Dates.swift in Sources */,
				AD26C2A9276BAC0400A0344E /* CampaignView.swift in Sources */,
				ADE6F2FA276D6DDA00E6F5CA /* Background.swift in Sources */,
			);
			runOnlyForDeploymentPostprocessing = 0;
		};
/* End PBXSourcesBuildPhase section */

/* Begin XCBuildConfiguration section */
		AD26C29C276BA38000A0344E /* Debug */ = {
			isa = XCBuildConfiguration;
			buildSettings = {
				ALWAYS_SEARCH_USER_PATHS = NO;
				CLANG_ANALYZER_NONNULL = YES;
				CLANG_ANALYZER_NUMBER_OBJECT_CONVERSION = YES_AGGRESSIVE;
				CLANG_CXX_LANGUAGE_STANDARD = "gnu++17";
				CLANG_CXX_LIBRARY = "libc++";
				CLANG_ENABLE_MODULES = YES;
				CLANG_ENABLE_OBJC_ARC = YES;
				CLANG_ENABLE_OBJC_WEAK = YES;
				CLANG_WARN_BLOCK_CAPTURE_AUTORELEASING = YES;
				CLANG_WARN_BOOL_CONVERSION = YES;
				CLANG_WARN_COMMA = YES;
				CLANG_WARN_CONSTANT_CONVERSION = YES;
				CLANG_WARN_DEPRECATED_OBJC_IMPLEMENTATIONS = YES;
				CLANG_WARN_DIRECT_OBJC_ISA_USAGE = YES_ERROR;
				CLANG_WARN_DOCUMENTATION_COMMENTS = YES;
				CLANG_WARN_EMPTY_BODY = YES;
				CLANG_WARN_ENUM_CONVERSION = YES;
				CLANG_WARN_INFINITE_RECURSION = YES;
				CLANG_WARN_INT_CONVERSION = YES;
				CLANG_WARN_NON_LITERAL_NULL_CONVERSION = YES;
				CLANG_WARN_OBJC_IMPLICIT_RETAIN_SELF = YES;
				CLANG_WARN_OBJC_LITERAL_CONVERSION = YES;
				CLANG_WARN_OBJC_ROOT_CLASS = YES_ERROR;
				CLANG_WARN_QUOTED_INCLUDE_IN_FRAMEWORK_HEADER = YES;
				CLANG_WARN_RANGE_LOOP_ANALYSIS = YES;
				CLANG_WARN_STRICT_PROTOTYPES = YES;
				CLANG_WARN_SUSPICIOUS_MOVE = YES;
				CLANG_WARN_UNGUARDED_AVAILABILITY = YES_AGGRESSIVE;
				CLANG_WARN_UNREACHABLE_CODE = YES;
				CLANG_WARN__DUPLICATE_METHOD_MATCH = YES;
				COPY_PHASE_STRIP = NO;
				DEBUG_INFORMATION_FORMAT = dwarf;
				ENABLE_STRICT_OBJC_MSGSEND = YES;
				ENABLE_TESTABILITY = YES;
				GCC_C_LANGUAGE_STANDARD = gnu11;
				GCC_DYNAMIC_NO_PIC = NO;
				GCC_NO_COMMON_BLOCKS = YES;
				GCC_OPTIMIZATION_LEVEL = 0;
				GCC_PREPROCESSOR_DEFINITIONS = (
					"DEBUG=1",
					"$(inherited)",
				);
				GCC_WARN_64_TO_32_BIT_CONVERSION = YES;
				GCC_WARN_ABOUT_RETURN_TYPE = YES_ERROR;
				GCC_WARN_UNDECLARED_SELECTOR = YES;
				GCC_WARN_UNINITIALIZED_AUTOS = YES_AGGRESSIVE;
				GCC_WARN_UNUSED_FUNCTION = YES;
				GCC_WARN_UNUSED_VARIABLE = YES;
				IPHONEOS_DEPLOYMENT_TARGET = 15.2;
				MTL_ENABLE_DEBUG_INFO = INCLUDE_SOURCE;
				MTL_FAST_MATH = YES;
				ONLY_ACTIVE_ARCH = YES;
				SDKROOT = iphoneos;
				SWIFT_ACTIVE_COMPILATION_CONDITIONS = DEBUG;
				SWIFT_OPTIMIZATION_LEVEL = "-Onone";
			};
			name = Debug;
		};
		AD26C29D276BA38000A0344E /* Release */ = {
			isa = XCBuildConfiguration;
			buildSettings = {
				ALWAYS_SEARCH_USER_PATHS = NO;
				CLANG_ANALYZER_NONNULL = YES;
				CLANG_ANALYZER_NUMBER_OBJECT_CONVERSION = YES_AGGRESSIVE;
				CLANG_CXX_LANGUAGE_STANDARD = "gnu++17";
				CLANG_CXX_LIBRARY = "libc++";
				CLANG_ENABLE_MODULES = YES;
				CLANG_ENABLE_OBJC_ARC = YES;
				CLANG_ENABLE_OBJC_WEAK = YES;
				CLANG_WARN_BLOCK_CAPTURE_AUTORELEASING = YES;
				CLANG_WARN_BOOL_CONVERSION = YES;
				CLANG_WARN_COMMA = YES;
				CLANG_WARN_CONSTANT_CONVERSION = YES;
				CLANG_WARN_DEPRECATED_OBJC_IMPLEMENTATIONS = YES;
				CLANG_WARN_DIRECT_OBJC_ISA_USAGE = YES_ERROR;
				CLANG_WARN_DOCUMENTATION_COMMENTS = YES;
				CLANG_WARN_EMPTY_BODY = YES;
				CLANG_WARN_ENUM_CONVERSION = YES;
				CLANG_WARN_INFINITE_RECURSION = YES;
				CLANG_WARN_INT_CONVERSION = YES;
				CLANG_WARN_NON_LITERAL_NULL_CONVERSION = YES;
				CLANG_WARN_OBJC_IMPLICIT_RETAIN_SELF = YES;
				CLANG_WARN_OBJC_LITERAL_CONVERSION = YES;
				CLANG_WARN_OBJC_ROOT_CLASS = YES_ERROR;
				CLANG_WARN_QUOTED_INCLUDE_IN_FRAMEWORK_HEADER = YES;
				CLANG_WARN_RANGE_LOOP_ANALYSIS = YES;
				CLANG_WARN_STRICT_PROTOTYPES = YES;
				CLANG_WARN_SUSPICIOUS_MOVE = YES;
				CLANG_WARN_UNGUARDED_AVAILABILITY = YES_AGGRESSIVE;
				CLANG_WARN_UNREACHABLE_CODE = YES;
				CLANG_WARN__DUPLICATE_METHOD_MATCH = YES;
				COPY_PHASE_STRIP = NO;
				DEBUG_INFORMATION_FORMAT = "dwarf-with-dsym";
				ENABLE_NS_ASSERTIONS = NO;
				ENABLE_STRICT_OBJC_MSGSEND = YES;
				GCC_C_LANGUAGE_STANDARD = gnu11;
				GCC_NO_COMMON_BLOCKS = YES;
				GCC_WARN_64_TO_32_BIT_CONVERSION = YES;
				GCC_WARN_ABOUT_RETURN_TYPE = YES_ERROR;
				GCC_WARN_UNDECLARED_SELECTOR = YES;
				GCC_WARN_UNINITIALIZED_AUTOS = YES_AGGRESSIVE;
				GCC_WARN_UNUSED_FUNCTION = YES;
				GCC_WARN_UNUSED_VARIABLE = YES;
				IPHONEOS_DEPLOYMENT_TARGET = 15.2;
				MTL_ENABLE_DEBUG_INFO = NO;
				MTL_FAST_MATH = YES;
				SDKROOT = iphoneos;
				SWIFT_COMPILATION_MODE = wholemodule;
				SWIFT_OPTIMIZATION_LEVEL = "-O";
				VALIDATE_PRODUCT = YES;
			};
			name = Release;
		};
		AD26C29F276BA38000A0344E /* Debug */ = {
			isa = XCBuildConfiguration;
			buildSettings = {
				ASSETCATALOG_COMPILER_APPICON_NAME = AppIcon;
				ASSETCATALOG_COMPILER_GLOBAL_ACCENT_COLOR_NAME = AccentColor;
				CODE_SIGN_STYLE = Automatic;
				CURRENT_PROJECT_VERSION = 1;
				DEVELOPMENT_ASSET_PATHS = "\"DnDSessions/Preview Content\"";
				DEVELOPMENT_TEAM = RTYY7GKEGT;
				ENABLE_PREVIEWS = YES;
				GENERATE_INFOPLIST_FILE = YES;
				INFOPLIST_FILE = DnDSessions/Info.plist;
				INFOPLIST_KEY_UIApplicationSceneManifest_Generation = YES;
				INFOPLIST_KEY_UIApplicationSupportsIndirectInputEvents = YES;
				INFOPLIST_KEY_UILaunchScreen_Generation = YES;
				INFOPLIST_KEY_UISupportedInterfaceOrientations_iPad = "UIInterfaceOrientationPortrait UIInterfaceOrientationPortraitUpsideDown UIInterfaceOrientationLandscapeLeft UIInterfaceOrientationLandscapeRight";
				INFOPLIST_KEY_UISupportedInterfaceOrientations_iPhone = "UIInterfaceOrientationPortrait UIInterfaceOrientationLandscapeLeft UIInterfaceOrientationLandscapeRight";
				LD_RUNPATH_SEARCH_PATHS = (
					"$(inherited)",
					"@executable_path/Frameworks",
				);
				MARKETING_VERSION = 1.0;
				PRODUCT_BUNDLE_IDENTIFIER = com.EnueStudios.DnDSessions;
				PRODUCT_NAME = "$(TARGET_NAME)";
				SWIFT_EMIT_LOC_STRINGS = YES;
				SWIFT_VERSION = 5.0;
				TARGETED_DEVICE_FAMILY = "1,2";
			};
			name = Debug;
		};
		AD26C2A0276BA38000A0344E /* Release */ = {
			isa = XCBuildConfiguration;
			buildSettings = {
				ASSETCATALOG_COMPILER_APPICON_NAME = AppIcon;
				ASSETCATALOG_COMPILER_GLOBAL_ACCENT_COLOR_NAME = AccentColor;
				CODE_SIGN_STYLE = Automatic;
				CURRENT_PROJECT_VERSION = 1;
				DEVELOPMENT_ASSET_PATHS = "\"DnDSessions/Preview Content\"";
				DEVELOPMENT_TEAM = RTYY7GKEGT;
				ENABLE_PREVIEWS = YES;
				GENERATE_INFOPLIST_FILE = YES;
				INFOPLIST_FILE = DnDSessions/Info.plist;
				INFOPLIST_KEY_UIApplicationSceneManifest_Generation = YES;
				INFOPLIST_KEY_UIApplicationSupportsIndirectInputEvents = YES;
				INFOPLIST_KEY_UILaunchScreen_Generation = YES;
				INFOPLIST_KEY_UISupportedInterfaceOrientations_iPad = "UIInterfaceOrientationPortrait UIInterfaceOrientationPortraitUpsideDown UIInterfaceOrientationLandscapeLeft UIInterfaceOrientationLandscapeRight";
				INFOPLIST_KEY_UISupportedInterfaceOrientations_iPhone = "UIInterfaceOrientationPortrait UIInterfaceOrientationLandscapeLeft UIInterfaceOrientationLandscapeRight";
				LD_RUNPATH_SEARCH_PATHS = (
					"$(inherited)",
					"@executable_path/Frameworks",
				);
				MARKETING_VERSION = 1.0;
				PRODUCT_BUNDLE_IDENTIFIER = com.EnueStudios.DnDSessions;
				PRODUCT_NAME = "$(TARGET_NAME)";
				SWIFT_EMIT_LOC_STRINGS = YES;
				SWIFT_VERSION = 5.0;
				TARGETED_DEVICE_FAMILY = "1,2";
			};
			name = Release;
		};
/* End XCBuildConfiguration section */

/* Begin XCConfigurationList section */
		AD26C28B276BA37F00A0344E /* Build configuration list for PBXProject "DnDSessions" */ = {
			isa = XCConfigurationList;
			buildConfigurations = (
				AD26C29C276BA38000A0344E /* Debug */,
				AD26C29D276BA38000A0344E /* Release */,
			);
			defaultConfigurationIsVisible = 0;
			defaultConfigurationName = Release;
		};
		AD26C29E276BA38000A0344E /* Build configuration list for PBXNativeTarget "DnDSessions" */ = {
			isa = XCConfigurationList;
			buildConfigurations = (
				AD26C29F276BA38000A0344E /* Debug */,
				AD26C2A0276BA38000A0344E /* Release */,
			);
			defaultConfigurationIsVisible = 0;
			defaultConfigurationName = Release;
		};
/* End XCConfigurationList section */
	};
	rootObject = AD26C288276BA37F00A0344E /* Project object */;
}
